
Microsoft Visual Studio Solution File, Format Version 12.00
# Visual Studio Version 17
VisualStudioVersion = 17.14.36414.22
MinimumVisualStudioVersion = 10.0.40219.1
Project("{2150E333-8FDC-42A3-9474-1A3956D46DE8}") = "Task0", "Task0", "{02EA681E-C7D8-13C7-8484-4AC65E1B71E8}"
EndProject
Project("{FAE04EC0-301F-11D3-BF4B-00C04F79EFBC}") = "Tyuiu.DatskiyDE.Sprint1.Task0.V8", "Tyuiu.DatskiyDE.Sprint1.Task0.V8\Tyuiu.DatskiyDE.Sprint1.Task0.V8.csproj", "{0F464124-DD56-41CE-A059-0FAED314B5B3}"
EndProject
Project("{FAE04EC0-301F-11D3-BF4B-00C04F79EFBC}") = "Tyuiu.DatskiyDE.Sprint1.Task0.V8.Lib", "Tyuiu.DatskiyDE.Sprint1.Task0.V8.Lib\Tyuiu.DatskiyDE.Sprint1.Task0.V8.Lib.csproj", "{1136CC10-79AD-4CCC-967B-0A786DCAF37C}"
EndProject
Project("{FAE04EC0-301F-11D3-BF4B-00C04F79EFBC}") = "Tyuiu.DatskiyDE.Sprint1.Task0.V8.Test", "Tyuiu.DatskiyDE.Sprint1.Task0.V8.Test\Tyuiu.DatskiyDE.Sprint1.Task0.V8.Test.csproj", "{BBE20148-364A-4C39-ACF9-EC83F5564DF8}"
EndProject
Project("{2150E333-8FDC-42A3-9474-1A3956D46DE8}") = "Task1", "Task1", "{789DA9D1-439D-48A1-911A-CB558D74BCE9}"
EndProject
Project("{2150E333-8FDC-42A3-9474-1A3956D46DE8}") = "Task2", "Task2", "{0DA1C26A-C04E-48E2-9F79-64CE74E61E82}"
EndProject
Project("{FAE04EC0-301F-11D3-BF4B-00C04F79EFBC}") = "Tyuiu.DatskiyDE.Sprint1.Task2.V13", "Tyuiu.DatskiyDE.Sprint1.Task2.V13\Tyuiu.DatskiyDE.Sprint1.Task2.V13.csproj", "{B038B34F-C19A-4B38-9315-95A503E1F170}"
EndProject
Project("{FAE04EC0-301F-11D3-BF4B-00C04F79EFBC}") = "Tyuiu.DatskiyDE.Sprint1.Task2.V13.Lib", "Tyuiu.DatskiyDE.Sprint1.Task2.V13.Lib\Tyuiu.DatskiyDE.Sprint1.Task2.V13.Lib.csproj", "{A9C8F9FF-C867-4B11-BA60-BC5F346E4868}"
EndProject
Project("{FAE04EC0-301F-11D3-BF4B-00C04F79EFBC}") = "Tyuiu.DatskiyDE.Sprint1.Task2.V13.Test", "Tyuiu.DatskiyDE.Sprint1.Task2.V13.Test\Tyuiu.DatskiyDE.Sprint1.Task2.V13.Test.csproj", "{9F267894-1AF2-47C1-B225-5F1CE2AC8390}"
EndProject
Project("{FAE04EC0-301F-11D3-BF4B-00C04F79EFBC}") = "Tyuiu.DatskiyDE.Sprint1.Task1.V9", "Tyuiu.DatskiyDE.Sprint1.Task1.V9\Tyuiu.DatskiyDE.Sprint1.Task1.V9.csproj", "{3C84C2D7-A8D8-40EE-83C0-1CD8B50BA4CD}"
EndProject
Project("{FAE04EC0-301F-11D3-BF4B-00C04F79EFBC}") = "Tyuiu.DatskiyDE.Sprint1.Task1.V9.Lib", "Tyuiu.DatskiyDE.Sprint1.Task1.V9.Lib\Tyuiu.DatskiyDE.Sprint1.Task1.V9.Lib.csproj", "{3907CB32-C658-40CC-AA56-F088421B7EFC}"
EndProject
Project("{FAE04EC0-301F-11D3-BF4B-00C04F79EFBC}") = "Tyuiu.DatskiyDE.Sprint1.Task1.V9.Test", "Tyuiu.DatskiyDE.Sprint1.Task1.V9.Test\Tyuiu.DatskiyDE.Sprint1.Task1.V9.Test.csproj", "{66E48FBF-7895-4CEA-B569-2E7F879195FC}"
EndProject
Project("{2150E333-8FDC-42A3-9474-1A3956D46DE8}") = "Task3", "Task3", "{34BF61CE-92BD-432A-B610-E39677B16AE9}"
EndProject
Project("{FAE04EC0-301F-11D3-BF4B-00C04F79EFBC}") = "Tyuiu.DatskiyDE.Sprint1.Task3.V14", "Tyuiu.DatskiyDE.Sprint1.Task3.V14\Tyuiu.DatskiyDE.Sprint1.Task3.V14.csproj", "{84A318F4-DEDA-4C46-99E2-41D700C9DAB1}"
EndProject
Project("{FAE04EC0-301F-11D3-BF4B-00C04F79EFBC}") = "Tyuiu.DatskiyDE.Sprint1.Task3.V14.Lib", "Tyuiu.DatskiyDE.Sprint1.Task3.V14.Lib\Tyuiu.DatskiyDE.Sprint1.Task3.V14.Lib.csproj", "{330AE298-6C61-44A9-A93D-60711B9EAC74}"
EndProject
Project("{FAE04EC0-301F-11D3-BF4B-00C04F79EFBC}") = "Tyuiu.DatskiyDE.Sprint1.Task3.V14.Test", "Tyuiu.DatskiyDE.Sprint1.Task3.V14.Test\Tyuiu.DatskiyDE.Sprint1.Task3.V14.Test.csproj", "{A99B3160-3D1B-4B04-AE7A-B82E331CDDB3}"
EndProject
Project("{2150E333-8FDC-42A3-9474-1A3956D46DE8}") = "Task4", "Task4", "{8F19A8EF-ABC5-443F-9739-47D7AAD410D0}"
EndProject
Project("{FAE04EC0-301F-11D3-BF4B-00C04F79EFBC}") = "Tyuiu.DatskiyDE.Sprint1.Task4.V19", "Tyuiu.DatskiyDE.Sprint1.Task4.V19\Tyuiu.DatskiyDE.Sprint1.Task4.V19.csproj", "{54EFB955-7EB4-48D3-AD8D-B5A834A40919}"
EndProject
Project("{FAE04EC0-301F-11D3-BF4B-00C04F79EFBC}") = "Tyuiu.DatskiyDE.Sprint1.Task4.V19.Lib", "Tyuiu.DatskiyDE.Sprint1.Task4.V19.Lib\Tyuiu.DatskiyDE.Sprint1.Task4.V19.Lib.csproj", "{E9A7A53B-3521-4985-B145-15AAE5FD3DE3}"
EndProject
Project("{FAE04EC0-301F-11D3-BF4B-00C04F79EFBC}") = "Tyuiu.DatskiyDE.Sprint1.Task4.V19.Test", "Tyuiu.DatskiyDE.Sprint1.Task4.V19.Test\Tyuiu.DatskiyDE.Sprint1.Task4.V19.Test.csproj", "{F1EBC476-1FE7-40CC-9DB0-5088029365B3}"
EndProject
Project("{2150E333-8FDC-42A3-9474-1A3956D46DE8}") = "Task5", "Task5", "{E43EC17C-5B9A-4421-8D60-4C011E011629}"
EndProject
Project("{FAE04EC0-301F-11D3-BF4B-00C04F79EFBC}") = "Tyuiu.DatskiyDE.Sprint1.Task5.V3", "Tyuiu.DatskiyDE.Sprint1.Task5.V3\Tyuiu.DatskiyDE.Sprint1.Task5.V3.csproj", "{4CE86041-7A3A-473C-9042-9E64A0E9B342}"
EndProject
Project("{FAE04EC0-301F-11D3-BF4B-00C04F79EFBC}") = "Tyuiu.DatskiyDE.Sprint1.Task5.V3.Lib", "Tyuiu.DatskiyDE.Sprint1.Task5.V3.Lib\Tyuiu.DatskiyDE.Sprint1.Task5.V3.Lib.csproj", "{394BBB16-11BA-4E0E-8D61-0514B4DBF9AB}"
EndProject
Project("{FAE04EC0-301F-11D3-BF4B-00C04F79EFBC}") = "Tyuiu.DatskiyDE.Sprint1.Task5.V3.Test", "Tyuiu.DatskiyDE.Sprint1.Task5.V3.Test\Tyuiu.DatskiyDE.Sprint1.Task5.V3.Test.csproj", "{39F3232C-2C55-4AD2-9F12-F8C38F5327C6}"
EndProject
Project("{2150E333-8FDC-42A3-9474-1A3956D46DE8}") = "Task6", "Task6", "{FC21836F-13AB-4F0C-B094-3C3F1595665C}"
EndProject
Project("{FAE04EC0-301F-11D3-BF4B-00C04F79EFBC}") = "Tyuiu.DatskiyDE.Sprint1.Task6.V9", "Tyuiu.DatskiyDE.Sprint1.Task6.V9\Tyuiu.DatskiyDE.Sprint1.Task6.V9.csproj", "{C2772FC8-FAE6-4BDD-A708-27F152C183B7}"
EndProject
Project("{FAE04EC0-301F-11D3-BF4B-00C04F79EFBC}") = "Tyuiu.DatskiyDE.Sprint1.Task6.V9.Lib", "Tyuiu.DatskiyDE.Sprint1.Task6.V9.Lib\Tyuiu.DatskiyDE.Sprint1.Task6.V9.Lib.csproj", "{A809ED4F-BFCC-43A9-89D5-71D4E9EC0D40}"
EndProject
Project("{FAE04EC0-301F-11D3-BF4B-00C04F79EFBC}") = "Tyuiu.DatskiyDE.Sprint1.Task6.V9.Test", "Tyuiu.DatskiyDE.Sprint1.Task6.V9.Test\Tyuiu.DatskiyDE.Sprint1.Task6.V9.Test.csproj", "{23FCFD3A-090D-45CD-AC32-E90CAF80DFC9}"
EndProject
Global
	GlobalSection(SolutionConfigurationPlatforms) = preSolution
		Debug|Any CPU = Debug|Any CPU
		Release|Any CPU = Release|Any CPU
	EndGlobalSection
	GlobalSection(ProjectConfigurationPlatforms) = postSolution
		{0F464124-DD56-41CE-A059-0FAED314B5B3}.Debug|Any CPU.ActiveCfg = Debug|Any CPU
		{0F464124-DD56-41CE-A059-0FAED314B5B3}.Debug|Any CPU.Build.0 = Debug|Any CPU
		{0F464124-DD56-41CE-A059-0FAED314B5B3}.Release|Any CPU.ActiveCfg = Release|Any CPU
		{0F464124-DD56-41CE-A059-0FAED314B5B3}.Release|Any CPU.Build.0 = Release|Any CPU
		{1136CC10-79AD-4CCC-967B-0A786DCAF37C}.Debug|Any CPU.ActiveCfg = Debug|Any CPU
		{1136CC10-79AD-4CCC-967B-0A786DCAF37C}.Debug|Any CPU.Build.0 = Debug|Any CPU
		{1136CC10-79AD-4CCC-967B-0A786DCAF37C}.Release|Any CPU.ActiveCfg = Release|Any CPU
		{1136CC10-79AD-4CCC-967B-0A786DCAF37C}.Release|Any CPU.Build.0 = Release|Any CPU
		{BBE20148-364A-4C39-ACF9-EC83F5564DF8}.Debug|Any CPU.ActiveCfg = Debug|Any CPU
		{BBE20148-364A-4C39-ACF9-EC83F5564DF8}.Debug|Any CPU.Build.0 = Debug|Any CPU
		{BBE20148-364A-4C39-ACF9-EC83F5564DF8}.Release|Any CPU.ActiveCfg = Release|Any CPU
		{BBE20148-364A-4C39-ACF9-EC83F5564DF8}.Release|Any CPU.Build.0 = Release|Any CPU
		{B038B34F-C19A-4B38-9315-95A503E1F170}.Debug|Any CPU.ActiveCfg = Debug|Any CPU
		{B038B34F-C19A-4B38-9315-95A503E1F170}.Debug|Any CPU.Build.0 = Debug|Any CPU
		{B038B34F-C19A-4B38-9315-95A503E1F170}.Release|Any CPU.ActiveCfg = Release|Any CPU
		{B038B34F-C19A-4B38-9315-95A503E1F170}.Release|Any CPU.Build.0 = Release|Any CPU
		{A9C8F9FF-C867-4B11-BA60-BC5F346E4868}.Debug|Any CPU.ActiveCfg = Debug|Any CPU
		{A9C8F9FF-C867-4B11-BA60-BC5F346E4868}.Debug|Any CPU.Build.0 = Debug|Any CPU
		{A9C8F9FF-C867-4B11-BA60-BC5F346E4868}.Release|Any CPU.ActiveCfg = Release|Any CPU
		{A9C8F9FF-C867-4B11-BA60-BC5F346E4868}.Release|Any CPU.Build.0 = Release|Any CPU
		{9F267894-1AF2-47C1-B225-5F1CE2AC8390}.Debug|Any CPU.ActiveCfg = Debug|Any CPU
		{9F267894-1AF2-47C1-B225-5F1CE2AC8390}.Debug|Any CPU.Build.0 = Debug|Any CPU
		{9F267894-1AF2-47C1-B225-5F1CE2AC8390}.Release|Any CPU.ActiveCfg = Release|Any CPU
		{9F267894-1AF2-47C1-B225-5F1CE2AC8390}.Release|Any CPU.Build.0 = Release|Any CPU
		{3C84C2D7-A8D8-40EE-83C0-1CD8B50BA4CD}.Debug|Any CPU.ActiveCfg = Debug|Any CPU
		{3C84C2D7-A8D8-40EE-83C0-1CD8B50BA4CD}.Debug|Any CPU.Build.0 = Debug|Any CPU
		{3C84C2D7-A8D8-40EE-83C0-1CD8B50BA4CD}.Release|Any CPU.ActiveCfg = Release|Any CPU
		{3C84C2D7-A8D8-40EE-83C0-1CD8B50BA4CD}.Release|Any CPU.Build.0 = Release|Any CPU
		{3907CB32-C658-40CC-AA56-F088421B7EFC}.Debug|Any CPU.ActiveCfg = Debug|Any CPU
		{3907CB32-C658-40CC-AA56-F088421B7EFC}.Debug|Any CPU.Build.0 = Debug|Any CPU
		{3907CB32-C658-40CC-AA56-F088421B7EFC}.Release|Any CPU.ActiveCfg = Release|Any CPU
		{3907CB32-C658-40CC-AA56-F088421B7EFC}.Release|Any CPU.Build.0 = Release|Any CPU
		{66E48FBF-7895-4CEA-B569-2E7F879195FC}.Debug|Any CPU.ActiveCfg = Debug|Any CPU
		{66E48FBF-7895-4CEA-B569-2E7F879195FC}.Debug|Any CPU.Build.0 = Debug|Any CPU
		{66E48FBF-7895-4CEA-B569-2E7F879195FC}.Release|Any CPU.ActiveCfg = Release|Any CPU
		{66E48FBF-7895-4CEA-B569-2E7F879195FC}.Release|Any CPU.Build.0 = Release|Any CPU
		{84A318F4-DEDA-4C46-99E2-41D700C9DAB1}.Debug|Any CPU.ActiveCfg = Debug|Any CPU
		{84A318F4-DEDA-4C46-99E2-41D700C9DAB1}.Debug|Any CPU.Build.0 = Debug|Any CPU
		{84A318F4-DEDA-4C46-99E2-41D700C9DAB1}.Release|Any CPU.ActiveCfg = Release|Any CPU
		{84A318F4-DEDA-4C46-99E2-41D700C9DAB1}.Release|Any CPU.Build.0 = Release|Any CPU
		{330AE298-6C61-44A9-A93D-60711B9EAC74}.Debug|Any CPU.ActiveCfg = Debug|Any CPU
		{330AE298-6C61-44A9-A93D-60711B9EAC74}.Debug|Any CPU.Build.0 = Debug|Any CPU
		{330AE298-6C61-44A9-A93D-60711B9EAC74}.Release|Any CPU.ActiveCfg = Release|Any CPU
		{330AE298-6C61-44A9-A93D-60711B9EAC74}.Release|Any CPU.Build.0 = Release|Any CPU
		{A99B3160-3D1B-4B04-AE7A-B82E331CDDB3}.Debug|Any CPU.ActiveCfg = Debug|Any CPU
		{A99B3160-3D1B-4B04-AE7A-B82E331CDDB3}.Debug|Any CPU.Build.0 = Debug|Any CPU
		{A99B3160-3D1B-4B04-AE7A-B82E331CDDB3}.Release|Any CPU.ActiveCfg = Release|Any CPU
		{A99B3160-3D1B-4B04-AE7A-B82E331CDDB3}.Release|Any CPU.Build.0 = Release|Any CPU
		{54EFB955-7EB4-48D3-AD8D-B5A834A40919}.Debug|Any CPU.ActiveCfg = Debug|Any CPU
		{54EFB955-7EB4-48D3-AD8D-B5A834A40919}.Debug|Any CPU.Build.0 = Debug|Any CPU
		{54EFB955-7EB4-48D3-AD8D-B5A834A40919}.Release|Any CPU.ActiveCfg = Release|Any CPU
		{54EFB955-7EB4-48D3-AD8D-B5A834A40919}.Release|Any CPU.Build.0 = Release|Any CPU
		{E9A7A53B-3521-4985-B145-15AAE5FD3DE3}.Debug|Any CPU.ActiveCfg = Debug|Any CPU
		{E9A7A53B-3521-4985-B145-15AAE5FD3DE3}.Debug|Any CPU.Build.0 = Debug|Any CPU
		{E9A7A53B-3521-4985-B145-15AAE5FD3DE3}.Release|Any CPU.ActiveCfg = Release|Any CPU
		{E9A7A53B-3521-4985-B145-15AAE5FD3DE3}.Release|Any CPU.Build.0 = Release|Any CPU
		{F1EBC476-1FE7-40CC-9DB0-5088029365B3}.Debug|Any CPU.ActiveCfg = Debug|Any CPU
		{F1EBC476-1FE7-40CC-9DB0-5088029365B3}.Debug|Any CPU.Build.0 = Debug|Any CPU
		{F1EBC476-1FE7-40CC-9DB0-5088029365B3}.Release|Any CPU.ActiveCfg = Release|Any CPU
		{F1EBC476-1FE7-40CC-9DB0-5088029365B3}.Release|Any CPU.Build.0 = Release|Any CPU
		{4CE86041-7A3A-473C-9042-9E64A0E9B342}.Debug|Any CPU.ActiveCfg = Debug|Any CPU
		{4CE86041-7A3A-473C-9042-9E64A0E9B342}.Debug|Any CPU.Build.0 = Debug|Any CPU
		{4CE86041-7A3A-473C-9042-9E64A0E9B342}.Release|Any CPU.ActiveCfg = Release|Any CPU
		{4CE86041-7A3A-473C-9042-9E64A0E9B342}.Release|Any CPU.Build.0 = Release|Any CPU
		{394BBB16-11BA-4E0E-8D61-0514B4DBF9AB}.Debug|Any CPU.ActiveCfg = Debug|Any CPU
		{394BBB16-11BA-4E0E-8D61-0514B4DBF9AB}.Debug|Any CPU.Build.0 = Debug|Any CPU
		{394BBB16-11BA-4E0E-8D61-0514B4DBF9AB}.Release|Any CPU.ActiveCfg = Release|Any CPU
		{394BBB16-11BA-4E0E-8D61-0514B4DBF9AB}.Release|Any CPU.Build.0 = Release|Any CPU
		{39F3232C-2C55-4AD2-9F12-F8C38F5327C6}.Debug|Any CPU.ActiveCfg = Debug|Any CPU
		{39F3232C-2C55-4AD2-9F12-F8C38F5327C6}.Debug|Any CPU.Build.0 = Debug|Any CPU
		{39F3232C-2C55-4AD2-9F12-F8C38F5327C6}.Release|Any CPU.ActiveCfg = Release|Any CPU
		{39F3232C-2C55-4AD2-9F12-F8C38F5327C6}.Release|Any CPU.Build.0 = Release|Any CPU
		{C2772FC8-FAE6-4BDD-A708-27F152C183B7}.Debug|Any CPU.ActiveCfg = Debug|Any CPU
		{C2772FC8-FAE6-4BDD-A708-27F152C183B7}.Debug|Any CPU.Build.0 = Debug|Any CPU
		{C2772FC8-FAE6-4BDD-A708-27F152C183B7}.Release|Any CPU.ActiveCfg = Release|Any CPU
		{C2772FC8-FAE6-4BDD-A708-27F152C183B7}.Release|Any CPU.Build.0 = Release|Any CPU
		{A809ED4F-BFCC-43A9-89D5-71D4E9EC0D40}.Debug|Any CPU.ActiveCfg = Debug|Any CPU
		{A809ED4F-BFCC-43A9-89D5-71D4E9EC0D40}.Debug|Any CPU.Build.0 = Debug|Any CPU
		{A809ED4F-BFCC-43A9-89D5-71D4E9EC0D40}.Release|Any CPU.ActiveCfg = Release|Any CPU
		{A809ED4F-BFCC-43A9-89D5-71D4E9EC0D40}.Release|Any CPU.Build.0 = Release|Any CPU
		{23FCFD3A-090D-45CD-AC32-E90CAF80DFC9}.Debug|Any CPU.ActiveCfg = Debug|Any CPU
		{23FCFD3A-090D-45CD-AC32-E90CAF80DFC9}.Debug|Any CPU.Build.0 = Debug|Any CPU
		{23FCFD3A-090D-45CD-AC32-E90CAF80DFC9}.Release|Any CPU.ActiveCfg = Release|Any CPU
		{23FCFD3A-090D-45CD-AC32-E90CAF80DFC9}.Release|Any CPU.Build.0 = Release|Any CPU
	EndGlobalSection
	GlobalSection(SolutionProperties) = preSolution
		HideSolutionNode = FALSE
	EndGlobalSection
	GlobalSection(NestedProjects) = preSolution
		{0F464124-DD56-41CE-A059-0FAED314B5B3} = {02EA681E-C7D8-13C7-8484-4AC65E1B71E8}
		{1136CC10-79AD-4CCC-967B-0A786DCAF37C} = {02EA681E-C7D8-13C7-8484-4AC65E1B71E8}
		{BBE20148-364A-4C39-ACF9-EC83F5564DF8} = {02EA681E-C7D8-13C7-8484-4AC65E1B71E8}
		{B038B34F-C19A-4B38-9315-95A503E1F170} = {0DA1C26A-C04E-48E2-9F79-64CE74E61E82}
		{A9C8F9FF-C867-4B11-BA60-BC5F346E4868} = {0DA1C26A-C04E-48E2-9F79-64CE74E61E82}
		{9F267894-1AF2-47C1-B225-5F1CE2AC8390} = {0DA1C26A-C04E-48E2-9F79-64CE74E61E82}
		{3C84C2D7-A8D8-40EE-83C0-1CD8B50BA4CD} = {789DA9D1-439D-48A1-911A-CB558D74BCE9}
		{3907CB32-C658-40CC-AA56-F088421B7EFC} = {789DA9D1-439D-48A1-911A-CB558D74BCE9}
		{66E48FBF-7895-4CEA-B569-2E7F879195FC} = {789DA9D1-439D-48A1-911A-CB558D74BCE9}
		{84A318F4-DEDA-4C46-99E2-41D700C9DAB1} = {34BF61CE-92BD-432A-B610-E39677B16AE9}
		{330AE298-6C61-44A9-A93D-60711B9EAC74} = {34BF61CE-92BD-432A-B610-E39677B16AE9}
		{A99B3160-3D1B-4B04-AE7A-B82E331CDDB3} = {34BF61CE-92BD-432A-B610-E39677B16AE9}
		{54EFB955-7EB4-48D3-AD8D-B5A834A40919} = {8F19A8EF-ABC5-443F-9739-47D7AAD410D0}
		{E9A7A53B-3521-4985-B145-15AAE5FD3DE3} = {8F19A8EF-ABC5-443F-9739-47D7AAD410D0}
		{F1EBC476-1FE7-40CC-9DB0-5088029365B3} = {8F19A8EF-ABC5-443F-9739-47D7AAD410D0}
		{4CE86041-7A3A-473C-9042-9E64A0E9B342} = {E43EC17C-5B9A-4421-8D60-4C011E011629}
		{394BBB16-11BA-4E0E-8D61-0514B4DBF9AB} = {E43EC17C-5B9A-4421-8D60-4C011E011629}
		{39F3232C-2C55-4AD2-9F12-F8C38F5327C6} = {E43EC17C-5B9A-4421-8D60-4C011E011629}
		{C2772FC8-FAE6-4BDD-A708-27F152C183B7} = {FC21836F-13AB-4F0C-B094-3C3F1595665C}
		{A809ED4F-BFCC-43A9-89D5-71D4E9EC0D40} = {FC21836F-13AB-4F0C-B094-3C3F1595665C}
		{23FCFD3A-090D-45CD-AC32-E90CAF80DFC9} = {FC21836F-13AB-4F0C-B094-3C3F1595665C}
	EndGlobalSection
	GlobalSection(ExtensibilityGlobals) = postSolution
		SolutionGuid = {B944559F-F25D-4E2A-9732-E8A5FEB084C1}
	EndGlobalSection
EndGlobal
