
Microsoft Visual Studio Solution File, Format Version 12.00
# Visual Studio Version 17
VisualStudioVersion = 17.14.36414.22
MinimumVisualStudioVersion = 10.0.40219.1
Project("{2150E333-8FDC-42A3-9474-1A3956D46DE8}") = "Task0", "Task0", "{02EA681E-C7D8-13C7-8484-4AC65E1B71E8}"
EndProject
Project("{FAE04EC0-301F-11D3-BF4B-00C04F79EFBC}") = "Tyuiu.DatskiyDE.Sprint1.Task0.V8", "Tyuiu.DatskiyDE.Sprint1.Task0.V8\Tyuiu.DatskiyDE.Sprint1.Task0.V8.csproj", "{0F464124-DD56-41CE-A059-0FAED314B5B3}"
EndProject
Project("{FAE04EC0-301F-11D3-BF4B-00C04F79EFBC}") = "Tyuiu.DatskiyDE.Sprint1.Task0.V8.Lib", "Tyuiu.DatskiyDE.Sprint1.Task0.V8.Lib\Tyuiu.DatskiyDE.Sprint1.Task0.V8.Lib.csproj", "{1136CC10-79AD-4CCC-967B-0A786DCAF37C}"
EndProject
Project("{FAE04EC0-301F-11D3-BF4B-00C04F79EFBC}") = "Tyuiu.DatskiyDE.Sprint1.Task0.V8.Test", "Tyuiu.DatskiyDE.Sprint1.Task0.V8.Test\Tyuiu.DatskiyDE.Sprint1.Task0.V8.Test.csproj", "{BBE20148-364A-4C39-ACF9-EC83F5564DF8}"
EndProject
Project("{2150E333-8FDC-42A3-9474-1A3956D46DE8}") = "Task1", "Task1", "{789DA9D1-439D-48A1-911A-CB558D74BCE9}"
EndProject
Project("{2150E333-8FDC-42A3-9474-1A3956D46DE8}") = "Task2", "Task2", "{0DA1C26A-C04E-48E2-9F79-64CE74E61E82}"
EndProject
Project("{FAE04EC0-301F-11D3-BF4B-00C04F79EFBC}") = "Tyuiu.DatskiyDE.Sprint1.Task2.V13", "Tyuiu.DatskiyDE.Sprint1.Task2.V13\Tyuiu.DatskiyDE.Sprint1.Task2.V13.csproj", "{B038B34F-C19A-4B38-9315-95A503E1F170}"
EndProject
Project("{FAE04EC0-301F-11D3-BF4B-00C04F79EFBC}") = "Tyuiu.DatskiyDE.Sprint1.Task2.V13.Lib", "Tyuiu.DatskiyDE.Sprint1.Task2.V13.Lib\Tyuiu.DatskiyDE.Sprint1.Task2.V13.Lib.csproj", "{A9C8F9FF-C867-4B11-BA60-BC5F346E4868}"
EndProject
Project("{FAE04EC0-301F-11D3-BF4B-00C04F79EFBC}") = "Tyuiu.DatskiyDE.Sprint1.Task2.V13.Test", "Tyuiu.DatskiyDE.Sprint1.Task2.V13.Test\Tyuiu.DatskiyDE.Sprint1.Task2.V13.Test.csproj", "{9F267894-1AF2-47C1-B225-5F1CE2AC8390}"
EndProject
Project("{FAE04EC0-301F-11D3-BF4B-00C04F79EFBC}") = "Tyuiu.DatskiyDE.Sprint1.Task1.V9", "Tyuiu.DatskiyDE.Sprint1.Task1.V9\Tyuiu.DatskiyDE.Sprint1.Task1.V9.csproj", "{3C84C2D7-A8D8-40EE-83C0-1CD8B50BA4CD}"
EndProject
Project("{FAE04EC0-301F-11D3-BF4B-00C04F79EFBC}") = "Tyuiu.DatskiyDE.Sprint1.Task1.V9.Lib", "Tyuiu.DatskiyDE.Sprint1.Task1.V9.Lib\Tyuiu.DatskiyDE.Sprint1.Task1.V9.Lib.csproj", "{3907CB32-C658-40CC-AA56-F088421B7EFC}"
EndProject
Project("{FAE04EC0-301F-11D3-BF4B-00C04F79EFBC}") = "Tyuiu.DatskiyDE.Sprint1.Task1.V9.Test", "Tyuiu.DatskiyDE.Sprint1.Task1.V9.Test\Tyuiu.DatskiyDE.Sprint1.Task1.V9.Test.csproj", "{66E48FBF-7895-4CEA-B569-2E7F879195FC}"
EndProject
Global
	GlobalSection(SolutionConfigurationPlatforms) = preSolution
		Debug|Any CPU = Debug|Any CPU
		Release|Any CPU = Release|Any CPU
	EndGlobalSection
	GlobalSection(ProjectConfigurationPlatforms) = postSolution
		{0F464124-DD56-41CE-A059-0FAED314B5B3}.Debug|Any CPU.ActiveCfg = Debug|Any CPU
		{0F464124-DD56-41CE-A059-0FAED314B5B3}.Debug|Any CPU.Build.0 = Debug|Any CPU
		{0F464124-DD56-41CE-A059-0FAED314B5B3}.Release|Any CPU.ActiveCfg = Release|Any CPU
		{0F464124-DD56-41CE-A059-0FAED314B5B3}.Release|Any CPU.Build.0 = Release|Any CPU
		{1136CC10-79AD-4CCC-967B-0A786DCAF37C}.Debug|Any CPU.ActiveCfg = Debug|Any CPU
		{1136CC10-79AD-4CCC-967B-0A786DCAF37C}.Debug|Any CPU.Build.0 = Debug|Any CPU
		{1136CC10-79AD-4CCC-967B-0A786DCAF37C}.Release|Any CPU.ActiveCfg = Release|Any CPU
		{1136CC10-79AD-4CCC-967B-0A786DCAF37C}.Release|Any CPU.Build.0 = Release|Any CPU
		{BBE20148-364A-4C39-ACF9-EC83F5564DF8}.Debug|Any CPU.ActiveCfg = Debug|Any CPU
		{BBE20148-364A-4C39-ACF9-EC83F5564DF8}.Debug|Any CPU.Build.0 = Debug|Any CPU
		{BBE20148-364A-4C39-ACF9-EC83F5564DF8}.Release|Any CPU.ActiveCfg = Release|Any CPU
		{BBE20148-364A-4C39-ACF9-EC83F5564DF8}.Release|Any CPU.Build.0 = Release|Any CPU
		{B038B34F-C19A-4B38-9315-95A503E1F170}.Debug|Any CPU.ActiveCfg = Debug|Any CPU
		{B038B34F-C19A-4B38-9315-95A503E1F170}.Debug|Any CPU.Build.0 = Debug|Any CPU
		{B038B34F-C19A-4B38-9315-95A503E1F170}.Release|Any CPU.ActiveCfg = Release|Any CPU
		{B038B34F-C19A-4B38-9315-95A503E1F170}.Release|Any CPU.Build.0 = Release|Any CPU
		{A9C8F9FF-C867-4B11-BA60-BC5F346E4868}.Debug|Any CPU.ActiveCfg = Debug|Any CPU
		{A9C8F9FF-C867-4B11-BA60-BC5F346E4868}.Debug|Any CPU.Build.0 = Debug|Any CPU
		{A9C8F9FF-C867-4B11-BA60-BC5F346E4868}.Release|Any CPU.ActiveCfg = Release|Any CPU
		{A9C8F9FF-C867-4B11-BA60-BC5F346E4868}.Release|Any CPU.Build.0 = Release|Any CPU
		{9F267894-1AF2-47C1-B225-5F1CE2AC8390}.Debug|Any CPU.ActiveCfg = Debug|Any CPU
		{9F267894-1AF2-47C1-B225-5F1CE2AC8390}.Debug|Any CPU.Build.0 = Debug|Any CPU
		{9F267894-1AF2-47C1-B225-5F1CE2AC8390}.Release|Any CPU.ActiveCfg = Release|Any CPU
		{9F267894-1AF2-47C1-B225-5F1CE2AC8390}.Release|Any CPU.Build.0 = Release|Any CPU
		{3C84C2D7-A8D8-40EE-83C0-1CD8B50BA4CD}.Debug|Any CPU.ActiveCfg = Debug|Any CPU
		{3C84C2D7-A8D8-40EE-83C0-1CD8B50BA4CD}.Debug|Any CPU.Build.0 = Debug|Any CPU
		{3C84C2D7-A8D8-40EE-83C0-1CD8B50BA4CD}.Release|Any CPU.ActiveCfg = Release|Any CPU
		{3C84C2D7-A8D8-40EE-83C0-1CD8B50BA4CD}.Release|Any CPU.Build.0 = Release|Any CPU
		{3907CB32-C658-40CC-AA56-F088421B7EFC}.Debug|Any CPU.ActiveCfg = Debug|Any CPU
		{3907CB32-C658-40CC-AA56-F088421B7EFC}.Debug|Any CPU.Build.0 = Debug|Any CPU
		{3907CB32-C658-40CC-AA56-F088421B7EFC}.Release|Any CPU.ActiveCfg = Release|Any CPU
		{3907CB32-C658-40CC-AA56-F088421B7EFC}.Release|Any CPU.Build.0 = Release|Any CPU
		{66E48FBF-7895-4CEA-B569-2E7F879195FC}.Debug|Any CPU.ActiveCfg = Debug|Any CPU
		{66E48FBF-7895-4CEA-B569-2E7F879195FC}.Debug|Any CPU.Build.0 = Debug|Any CPU
		{66E48FBF-7895-4CEA-B569-2E7F879195FC}.Release|Any CPU.ActiveCfg = Release|Any CPU
		{66E48FBF-7895-4CEA-B569-2E7F879195FC}.Release|Any CPU.Build.0 = Release|Any CPU
	EndGlobalSection
	GlobalSection(SolutionProperties) = preSolution
		HideSolutionNode = FALSE
	EndGlobalSection
	GlobalSection(NestedProjects) = preSolution
		{0F464124-DD56-41CE-A059-0FAED314B5B3} = {02EA681E-C7D8-13C7-8484-4AC65E1B71E8}
		{1136CC10-79AD-4CCC-967B-0A786DCAF37C} = {02EA681E-C7D8-13C7-8484-4AC65E1B71E8}
		{BBE20148-364A-4C39-ACF9-EC83F5564DF8} = {02EA681E-C7D8-13C7-8484-4AC65E1B71E8}
		{B038B34F-C19A-4B38-9315-95A503E1F170} = {0DA1C26A-C04E-48E2-9F79-64CE74E61E82}
		{A9C8F9FF-C867-4B11-BA60-BC5F346E4868} = {0DA1C26A-C04E-48E2-9F79-64CE74E61E82}
		{9F267894-1AF2-47C1-B225-5F1CE2AC8390} = {0DA1C26A-C04E-48E2-9F79-64CE74E61E82}
		{3C84C2D7-A8D8-40EE-83C0-1CD8B50BA4CD} = {789DA9D1-439D-48A1-911A-CB558D74BCE9}
		{3907CB32-C658-40CC-AA56-F088421B7EFC} = {789DA9D1-439D-48A1-911A-CB558D74BCE9}
		{66E48FBF-7895-4CEA-B569-2E7F879195FC} = {789DA9D1-439D-48A1-911A-CB558D74BCE9}
	EndGlobalSection
	GlobalSection(ExtensibilityGlobals) = postSolution
		SolutionGuid = {B944559F-F25D-4E2A-9732-E8A5FEB084C1}
	EndGlobalSection
EndGlobal
